{"freeze_commit": "ce5b85959a1693525f9e001e7c191516a4ee7d76", "grant_sha256": "f968f2cf10c59b169caf224fbbe847604233d015a01f3fabe427af9d0dbea93e", "head": "4b716d43ce8c48fb52dd320b91c33d2379cce410", "host": {"hostname": "suzhedeMacBook.local", "platform": "darwin", "platform_uuid": "57559A2E-B526-5AE7-9701-A8BEB8908AF0", "python": "3.14.5"}, "loadavg_at_start": [1.2861328125, 2.6611328125, 3.60205078125], "started_utc": "2026-09-26T11:29:21Z"}
